// !$*UTF8*$!
{
	archiveVersion = 1;
	classes = {
	};
	objectVersion = 46;
	objects = {

/* Begin PBXBuildFile section */
		6E6400011AB65BD100688B88 /* Main.storyboard in Resources */ = {isa = PBXBuildFile; fileRef = 6E64FFFF1AB65BD100688B88 /* Main.storyboard */; };
		6E6400031AB65BD100688B88 /* Images.xcassets in Resources */ = {isa = PBXBuildFile; fileRef = 6E6400021AB65BD100688B88 /* Images.xcassets */; };
		6E6400061AB65BD100688B88 /* LaunchScreen.xib in Resources */ = {isa = PBXBuildFile; fileRef = 6E6400041AB65BD100688B88 /* LaunchScreen.xib */; };
		6E6400121AB65BD100688B88 /* GoogleMapsIOSTests.m in Sources */ = {isa = PBXBuildFile; fileRef = 6E6400111AB65BD100688B88 /* GoogleMapsIOSTests.m */; };
		6E64FFF81AB65BD100688B88 /* main.m in Sources */ = {isa = PBXBuildFile; fileRef = 6E64FFF71AB65BD100688B88 /* main.m */; };
		6E64FFFB1AB65BD100688B88 /* AppDelegate.m in Sources */ = {isa = PBXBuildFile; fileRef = 6E64FFFA1AB65BD100688B88 /* AppDelegate.m */; };
		6E64FFFE1AB65BD100688B88 /* ViewController.m in Sources */ = {isa = PBXBuildFile; fileRef = 6E64FFFD1AB65BD100688B88 /* ViewController.m */; };
/* End PBXBuildFile section */

/* Begin PBXContainerItemProxy section */
		6E64000C1AB65BD100688B88 /* PBXContainerItemProxy */ = {
			isa = PBXContainerItemProxy;
			containerPortal = 6E64FFEA1AB65BD000688B88 /* Project object */;
			proxyType = 1;
			remoteGlobalIDString = 6E64FFF11AB65BD000688B88;
			remoteInfo = GoogleMapsIOS;
		};
/* End PBXContainerItemProxy section */

/* Begin PBXFileReference section */
		6E6400001AB65BD100688B88 /* Base */ = {isa = PBXFileReference; lastKnownFileType = file.storyboard; name = Base; path = Base.lproj/Main.storyboard; sourceTree = "<group>"; };
		6E6400021AB65BD100688B88 /* Images.xcassets */ = {isa = PBXFileReference; lastKnownFileType = folder.assetcatalog; path = Images.xcassets; sourceTree = "<group>"; };
		6E6400051AB65BD100688B88 /* Base */ = {isa = PBXFileReference; lastKnownFileType = file.xib; name = Base; path = Base.lproj/LaunchScreen.xib; sourceTree = "<group>"; };
		6E64000B1AB65BD100688B88 /* GoogleMapsIOSTests.xctest */ = {isa = PBXFileReference; explicitFileType = wrapper.cfbundle; includeInIndex = 0; path = GoogleMapsIOSTests.xctest; sourceTree = BUILT_PRODUCTS_DIR; };
		6E6400101AB65BD100688B88 /* Info.plist */ = {isa = PBXFileReference; lastKnownFileType = text.plist.xml; path = Info.plist; sourceTree = "<group>"; };
		6E6400111AB65BD100688B88 /* GoogleMapsIOSTests.m */ = {isa = PBXFileReference; lastKnownFileType = sourcecode.c.objc; path = GoogleMapsIOSTests.m; sourceTree = "<group>"; };
		6E64FFF21AB65BD000688B88 /* GoogleMapsIOS.app */ = {isa = PBXFileReference; explicitFileType = wrapper.application; includeInIndex = 0; path = GoogleMapsIOS.app; sourceTree = BUILT_PRODUCTS_DIR; };
		6E64FFF61AB65BD100688B88 /* Info.plist */ = {isa = PBXFileReference; lastKnownFileType = text.plist.xml; path = Info.plist; sourceTree = "<group>"; };
		6E64FFF71AB65BD100688B88 /* main.m */ = {isa = PBXFileReference; lastKnownFileType = sourcecode.c.objc; path = main.m; sourceTree = "<group>"; };
		6E64FFF91AB65BD100688B88 /* AppDelegate.h */ = {isa = PBXFileReference; lastKnownFileType = sourcecode.c.h; path = AppDelegate.h; sourceTree = "<group>"; };
		6E64FFFA1AB65BD100688B88 /* AppDelegate.m */ = {isa = PBXFileReference; lastKnownFileType = sourcecode.c.objc; path = AppDelegate.m; sourceTree = "<group>"; };
		6E64FFFC1AB65BD100688B88 /* ViewController.h */ = {isa = PBXFileReference; lastKnownFileType = sourcecode.c.h; path = ViewController.h; sourceTree = "<group>"; };
		6E64FFFD1AB65BD100688B88 /* ViewController.m */ = {isa = PBXFileReference; lastKnownFileType = sourcecode.c.objc; path = ViewController.m; sourceTree = "<group>"; };
/* End PBXFileReference section */

/* Begin PBXFrameworksBuildPhase section */
		6E6400081AB65BD100688B88 /* Frameworks */ = {
			isa = PBXFrameworksBuildPhase;
			buildActionMask = 2147483647;
			files = (
			);
			runOnlyForDeploymentPostprocessing = 0;
		};
		6E64FFEF1AB65BD000688B88 /* Frameworks */ = {
			isa = PBXFrameworksBuildPhase;
			buildActionMask = 2147483647;
			files = (
			);
			runOnlyForDeploymentPostprocessing = 0;
		};
/* End PBXFrameworksBuildPhase section */

/* Begin PBXGroup section */
		6E64000E1AB65BD100688B88 /* GoogleMapsIOSTests */ = {
			isa = PBXGroup;
			children = (
				6E6400111AB65BD100688B88 /* GoogleMapsIOSTests.m */,
				6E64000F1AB65BD100688B88 /* Supporting Files */,
			);
			path = GoogleMapsIOSTests;
			sourceTree = "<group>";
		};
		6E64000F1AB65BD100688B88 /* Supporting Files */ = {
			isa = PBXGroup;
			children = (
				6E6400101AB65BD100688B88 /* Info.plist */,
			);
			name = "Supporting Files";
			sourceTree = "<group>";
		};
		6E64FFE91AB65BCF00688B88 = {
			isa = PBXGroup;
			children = (
				6E64FFF41AB65BD000688B88 /* GoogleMapsIOS */,
				6E64000E1AB65BD100688B88 /* GoogleMapsIOSTests */,
				6E64FFF31AB65BD000688B88 /* Products */,
			);
			sourceTree = "<group>";
		};
		6E64FFF31AB65BD000688B88 /* Products */ = {
			isa = PBXGroup;
			children = (
				6E64FFF21AB65BD000688B88 /* GoogleMapsIOS.app */,
				6E64000B1AB65BD100688B88 /* GoogleMapsIOSTests.xctest */,
			);
			name = Products;
			sourceTree = "<group>";
		};
		6E64FFF41AB65BD000688B88 /* GoogleMapsIOS */ = {
			isa = PBXGroup;
			children = (
				6E64FFF91AB65BD100688B88 /* AppDelegate.h */,
				6E64FFFA1AB65BD100688B88 /* AppDelegate.m */,
				6E64FFFC1AB65BD100688B88 /* ViewController.h */,
				6E64FFFD1AB65BD100688B88 /* ViewController.m */,
				6E64FFFF1AB65BD100688B88 /* Main.storyboard */,
				6E6400021AB65BD100688B88 /* Images.xcassets */,
				6E6400041AB65BD100688B88 /* LaunchScreen.xib */,
				6E64FFF51AB65BD000688B88 /* Supporting Files */,
			);
			path = GoogleMapsIOS;
			sourceTree = "<group>";
		};
		6E64FFF51AB65BD000688B88 /* Supporting Files */ = {
			isa = PBXGroup;
			children = (
				6E64FFF61AB65BD100688B88 /* Info.plist */,
				6E64FFF71AB65BD100688B88 /* main.m */,
			);
			name = "Supporting Files";
			sourceTree = "<group>";
		};
/* End PBXGroup section */

/* Begin PBXNativeTarget section */
		6E64000A1AB65BD100688B88 /* GoogleMapsIOSTests */ = {
			isa = PBXNativeTarget;
			buildConfigurationList = 6E6400181AB65BD100688B88 /* Build configuration list for PBXNativeTarget "GoogleMapsIOSTests" */;
			buildPhases = (
				6E6400071AB65BD100688B88 /* Sources */,
				6E6400081AB65BD100688B88 /* Frameworks */,
				6E6400091AB65BD100688B88 /* Resources */,
			);
			buildRules = (
			);
			dependencies = (
				6E64000D1AB65BD100688B88 /* PBXTargetDependency */,
			);
			name = GoogleMapsIOSTests;
			productName = GoogleMapsIOSTests;
			productReference = 6E64000B1AB65BD100688B88 /* GoogleMapsIOSTests.xctest */;
			productType = "com.apple.product-type.bundle.unit-test";
		};
		6E64FFF11AB65BD000688B88 /* GoogleMapsIOS */ = {
			isa = PBXNativeTarget;
			buildConfigurationList = 6E6400151AB65BD100688B88 /* Build configuration list for PBXNativeTarget "GoogleMapsIOS" */;
			buildPhases = (
				6E64FFEE1AB65BD000688B88 /* Sources */,
				6E64FFEF1AB65BD000688B88 /* Frameworks */,
				6E64FFF01AB65BD000688B88 /* Resources */,
			);
			buildRules = (
			);
			dependencies = (
			);
			name = GoogleMapsIOS;
			productName = GoogleMapsIOS;
			productReference = 6E64FFF21AB65BD000688B88 /* GoogleMapsIOS.app */;
			productType = "com.apple.product-type.application";
		};
/* End PBXNativeTarget section */

/* Begin PBXProject section */
		6E64FFEA1AB65BD000688B88 /* Project object */ = {
			isa = PBXProject;
			attributes = {
				LastUpgradeCheck = 0620;
				ORGANIZATIONNAME = "Pablo Robles Sánchez";
				TargetAttributes = {
					6E64000A1AB65BD100688B88 = {
						CreatedOnToolsVersion = 6.2;
						TestTargetID = 6E64FFF11AB65BD000688B88;
					};
					6E64FFF11AB65BD000688B88 = {
						CreatedOnToolsVersion = 6.2;
					};
				};
			};
			buildConfigurationList = 6E64FFED1AB65BD000688B88 /* Build configuration list for PBXProject "GoogleMapsIOS" */;
			compatibilityVersion = "Xcode 3.2";
			developmentRegion = English;
			hasScannedForEncodings = 0;
			knownRegions = (
				en,
				Base,
			);
			mainGroup = 6E64FFE91AB65BCF00688B88;
			productRefGroup = 6E64FFF31AB65BD000688B88 /* Products */;
			projectDirPath = "";
			projectRoot = "";
			targets = (
				6E64FFF11AB65BD000688B88 /* GoogleMapsIOS */,
				6E64000A1AB65BD100688B88 /* GoogleMapsIOSTests */,
			);
		};
/* End PBXProject section */

/* Begin PBXResourcesBuildPhase section */
		6E6400091AB65BD100688B88 /* Resources */ = {
			isa = PBXResourcesBuildPhase;
			buildActionMask = 2147483647;
			files = (
			);
			runOnlyForDeploymentPostprocessing = 0;
		};
		6E64FFF01AB65BD000688B88 /* Resources */ = {
			isa = PBXResourcesBuildPhase;
			buildActionMask = 2147483647;
			files = (
				6E6400011AB65BD100688B88 /* Main.storyboard in Resources */,
				6E6400061AB65BD100688B88 /* LaunchScreen.xib in Resources */,
				6E6400031AB65BD100688B88 /* Images.xcassets in Resources */,
			);
			runOnlyForDeploymentPostprocessing = 0;
		};
/* End PBXResourcesBuildPhase section */

/* Begin PBXSourcesBuildPhase section */
		6E6400071AB65BD100688B88 /* Sources */ = {
			isa = PBXSourcesBuildPhase;
			buildActionMask = 2147483647;
			files = (
				6E6400121AB65BD100688B88 /* GoogleMapsIOSTests.m in Sources */,
			);
			runOnlyForDeploymentPostprocessing = 0;
		};
		6E64FFEE1AB65BD000688B88 /* Sources */ = {
			isa = PBXSourcesBuildPhase;
			buildActionMask = 2147483647;
			files = (
				6E64FFFE1AB65BD100688B88 /* ViewController.m in Sources */,
				6E64FFFB1AB65BD100688B88 /* AppDelegate.m in Sources */,
				6E64FFF81AB65BD100688B88 /* main.m in Sources */,
			);
			runOnlyForDeploymentPostprocessing = 0;
		};
/* End PBXSourcesBuildPhase section */

/* Begin PBXTargetDependency section */
		6E64000D1AB65BD100688B88 /* PBXTargetDependency */ = {
			isa = PBXTargetDependency;
			target = 6E64FFF11AB65BD000688B88 /* GoogleMapsIOS */;
			targetProxy = 6E64000C1AB65BD100688B88 /* PBXContainerItemProxy */;
		};
/* End PBXTargetDependency section */

/* Begin PBXVariantGroup section */
		6E6400041AB65BD100688B88 /* LaunchScreen.xib */ = {
			isa = PBXVariantGroup;
			children = (
				6E6400051AB65BD100688B88 /* Base */,
			);
			name = LaunchScreen.xib;
			sourceTree = "<group>";
		};
		6E64FFFF1AB65BD100688B88 /* Main.storyboard */ = {
			isa = PBXVariantGroup;
			children = (
				6E6400001AB65BD100688B88 /* Base */,
			);
			name = Main.storyboard;
			sourceTree = "<group>";
		};
/* End PBXVariantGroup section */

/* Begin XCBuildConfiguration section */
		6E6400131AB65BD100688B88 /* Debug */ = {
			isa = XCBuildConfiguration;
			buildSettings = {
				ALWAYS_SEARCH_USER_PATHS = NO;
				CLANG_CXX_LANGUAGE_STANDARD = "gnu++0x";
				CLANG_CXX_LIBRARY = "libc++";
				CLANG_ENABLE_MODULES = YES;
				CLANG_ENABLE_OBJC_ARC = YES;
				CLANG_WARN_BOOL_CONVERSION = YES;
				CLANG_WARN_CONSTANT_CONVERSION = YES;
				CLANG_WARN_DIRECT_OBJC_ISA_USAGE = YES_ERROR;
				CLANG_WARN_EMPTY_BODY = YES;
				CLANG_WARN_ENUM_CONVERSION = YES;
				CLANG_WARN_INT_CONVERSION = YES;
				CLANG_WARN_OBJC_ROOT_CLASS = YES_ERROR;
				CLANG_WARN_UNREACHABLE_CODE = YES;
				CLANG_WARN__DUPLICATE_METHOD_MATCH = YES;
				"CODE_SIGN_IDENTITY[sdk=iphoneos*]" = "iPhone Developer";
				COPY_PHASE_STRIP = NO;
				ENABLE_STRICT_OBJC_MSGSEND = YES;
				GCC_C_LANGUAGE_STANDARD = gnu99;
				GCC_DYNAMIC_NO_PIC = NO;
				GCC_OPTIMIZATION_LEVEL = 0;
				GCC_PREPROCESSOR_DEFINITIONS = (
					"DEBUG=1",
					"$(inherited)",
				);
				GCC_SYMBOLS_PRIVATE_EXTERN = NO;
				GCC_WARN_64_TO_32_BIT_CONVERSION = YES;
				GCC_WARN_ABOUT_RETURN_TYPE = YES_ERROR;
				GCC_WARN_UNDECLARED_SELECTOR = YES;
				GCC_WARN_UNINITIALIZED_AUTOS = YES_AGGRESSIVE;
				GCC_WARN_UNUSED_FUNCTION = YES;
				GCC_WARN_UNUSED_VARIABLE = YES;
				IPHONEOS_DEPLOYMENT_TARGET = 8.2;
				MTL_ENABLE_DEBUG_INFO = YES;
				ONLY_ACTIVE_ARCH = YES;
				SDKROOT = iphoneos;
			};
			name = Debug;
		};
		6E6400141AB65BD100688B88 /* Release */ = {
			isa = XCBuildConfiguration;
			buildSettings = {
				ALWAYS_SEARCH_USER_PATHS = NO;
				CLANG_CXX_LANGUAGE_STANDARD = "gnu++0x";
				CLANG_CXX_LIBRARY = "libc++";
				CLANG_ENABLE_MODULES = YES;
				CLANG_ENABLE_OBJC_ARC = YES;
				CLANG_WARN_BOOL_CONVERSION = YES;
				CLANG_WARN_CONSTANT_CONVERSION = YES;
				CLANG_WARN_DIRECT_OBJC_ISA_USAGE = YES_ERROR;
				CLANG_WARN_EMPTY_BODY = YES;
				CLANG_WARN_ENUM_CONVERSION = YES;
				CLANG_WARN_INT_CONVERSION = YES;
				CLANG_WARN_OBJC_ROOT_CLASS = YES_ERROR;
				CLANG_WARN_UNREACHABLE_CODE = YES;
				CLANG_WARN__DUPLICATE_METHOD_MATCH = YES;
				"CODE_SIGN_IDENTITY[sdk=iphoneos*]" = "iPhone Developer";
				COPY_PHASE_STRIP = NO;
				ENABLE_NS_ASSERTIONS = NO;
				ENABLE_STRICT_OBJC_MSGSEND = YES;
				GCC_C_LANGUAGE_STANDARD = gnu99;
				GCC_WARN_64_TO_32_BIT_CONVERSION = YES;
				GCC_WARN_ABOUT_RETURN_TYPE = YES_ERROR;
				GCC_WARN_UNDECLARED_SELECTOR = YES;
				GCC_WARN_UNINITIALIZED_AUTOS = YES_AGGRESSIVE;
				GCC_WARN_UNUSED_FUNCTION = YES;
				GCC_WARN_UNUSED_VARIABLE = YES;
				IPHONEOS_DEPLOYMENT_TARGET = 8.2;
				MTL_ENABLE_DEBUG_INFO = NO;
				SDKROOT = iphoneos;
				VALIDATE_PRODUCT = YES;
			};
			name = Release;
		};
		6E6400161AB65BD100688B88 /* Debug */ = {
			isa = XCBuildConfiguration;
			buildSettings = {
				ASSETCATALOG_COMPILER_APPICON_NAME = AppIcon;
				INFOPLIST_FILE = GoogleMapsIOS/Info.plist;
				LD_RUNPATH_SEARCH_PATHS = "$(inherited) @executable_path/Frameworks";
				PRODUCT_NAME = "$(TARGET_NAME)";
			};
			name = Debug;
		};
		6E6400171AB65BD100688B88 /* Release */ = {
			isa = XCBuildConfiguration;
			buildSettings = {
				ASSETCATALOG_COMPILER_APPICON_NAME = AppIcon;
				INFOPLIST_FILE = GoogleMapsIOS/Info.plist;
				LD_RUNPATH_SEARCH_PATHS = "$(inherited) @executable_path/Frameworks";
				PRODUCT_NAME = "$(TARGET_NAME)";
			};
			name = Release;
		};
		6E6400191AB65BD100688B88 /* Debug */ = {
			isa = XCBuildConfiguration;
			buildSettings = {
				BUNDLE_LOADER = "$(TEST_HOST)";
				FRAMEWORK_SEARCH_PATHS = (
					"$(SDKROOT)/Developer/Library/Frameworks",
					"$(inherited)",
				);
				GCC_PREPROCESSOR_DEFINITIONS = (
					"DEBUG=1",
					"$(inherited)",
				);
				INFOPLIST_FILE = GoogleMapsIOSTests/Info.plist;
				LD_RUNPATH_SEARCH_PATHS = "$(inherited) @executable_path/Frameworks @loader_path/Frameworks";
				PRODUCT_NAME = "$(TARGET_NAME)";
				TEST_HOST = "$(BUILT_PRODUCTS_DIR)/GoogleMapsIOS.app/GoogleMapsIOS";
			};
			name = Debug;
		};
		6E64001A1AB65BD100688B88 /* Release */ = {
			isa = XCBuildConfiguration;
			buildSettings = {
				BUNDLE_LOADER = "$(TEST_HOST)";
				FRAMEWORK_SEARCH_PATHS = (
					"$(SDKROOT)/Developer/Library/Frameworks",
					"$(inherited)",
				);
				INFOPLIST_FILE = GoogleMapsIOSTests/Info.plist;
				LD_RUNPATH_SEARCH_PATHS = "$(inherited) @executable_path/Frameworks @loader_path/Frameworks";
				PRODUCT_NAME = "$(TARGET_NAME)";
				TEST_HOST = "$(BUILT_PRODUCTS_DIR)/GoogleMapsIOS.app/GoogleMapsIOS";
			};
			name = Release;
		};
/* End XCBuildConfiguration section */

/* Begin XCConfigurationList section */
		6E6400151AB65BD100688B88 /* Build configuration list for PBXNativeTarget "GoogleMapsIOS" */ = {
			isa = XCConfigurationList;
			buildConfigurations = (
				6E6400161AB65BD100688B88 /* Debug */,
				6E6400171AB65BD100688B88 /* Release */,
			);
			defaultConfigurationIsVisible = 0;
		};
		6E6400181AB65BD100688B88 /* Build configuration list for PBXNativeTarget "GoogleMapsIOSTests" */ = {
			isa = XCConfigurationList;
			buildConfigurations = (
				6E6400191AB65BD100688B88 /* Debug */,
				6E64001A1AB65BD100688B88 /* Release */,
			);
			defaultConfigurationIsVisible = 0;
		};
		6E64FFED1AB65BD000688B88 /* Build configuration list for PBXProject "GoogleMapsIOS" */ = {
			isa = XCConfigurationList;
			buildConfigurations = (
				6E6400131AB65BD100688B88 /* Debug */,
				6E6400141AB65BD100688B88 /* Release */,
			);
			defaultConfigurationIsVisible = 0;
			defaultConfigurationName = Release;
		};
/* End XCConfigurationList section */
	};
	rootObject = 6E64FFEA1AB65BD000688B88 /* Project object */;
}
